
Microsoft Visual Studio Solution File, Format Version 12.00
# Visual Studio Version 17
VisualStudioVersion = 17.3.32929.385
MinimumVisualStudioVersion = 10.0.40219.1
Project("{FAE04EC0-301F-11D3-BF4B-00C04F79EFBC}") = "EIA.Android", "EIA\EIA.Android\EIA.Android.csproj", "{91210532-D9BD-4376-BB54-1F26F2C8BA8C}"
EndProject
Project("{FAE04EC0-301F-11D3-BF4B-00C04F79EFBC}") = "EIA", "EIA\EIA\EIA.csproj", "{A25FB8E3-E917-4A07-A1D6-3F985C62FEC1}"
EndProject
Global
	GlobalSection(SolutionConfigurationPlatforms) = preSolution
		Debug|Any CPU = Debug|Any CPU
		Release|Any CPU = Release|Any CPU
	EndGlobalSection
	GlobalSection(ProjectConfigurationPlatforms) = postSolution
		{91210532-D9BD-4376-BB54-1F26F2C8BA8C}.Debug|Any CPU.ActiveCfg = Debug|Any CPU
		{91210532-D9BD-4376-BB54-1F26F2C8BA8C}.Debug|Any CPU.Build.0 = Debug|Any CPU
		{91210532-D9BD-4376-BB54-1F26F2C8BA8C}.Debug|Any CPU.Deploy.0 = Debug|Any CPU
		{91210532-D9BD-4376-BB54-1F26F2C8BA8C}.Release|Any CPU.ActiveCfg = Release|Any CPU
		{91210532-D9BD-4376-BB54-1F26F2C8BA8C}.Release|Any CPU.Build.0 = Release|Any CPU
		{91210532-D9BD-4376-BB54-1F26F2C8BA8C}.Release|Any CPU.Deploy.0 = Release|Any CPU
		{A25FB8E3-E917-4A07-A1D6-3F985C62FEC1}.Debug|Any CPU.ActiveCfg = Debug|Any CPU
		{A25FB8E3-E917-4A07-A1D6-3F985C62FEC1}.Debug|Any CPU.Build.0 = Debug|Any CPU
		{A25FB8E3-E917-4A07-A1D6-3F985C62FEC1}.Debug|Any CPU.Deploy.0 = Debug|Any CPU
		{A25FB8E3-E917-4A07-A1D6-3F985C62FEC1}.Release|Any CPU.ActiveCfg = Release|Any CPU
		{A25FB8E3-E917-4A07-A1D6-3F985C62FEC1}.Release|Any CPU.Build.0 = Release|Any CPU
		{A25FB8E3-E917-4A07-A1D6-3F985C62FEC1}.Release|Any CPU.Deploy.0 = Release|Any CPU
	EndGlobalSection
	GlobalSection(SolutionProperties) = preSolution
		HideSolutionNode = FALSE
	EndGlobalSection
	GlobalSection(ExtensibilityGlobals) = postSolution
		SolutionGuid = {B355B7B9-5207-474A-97CF-E15C94D24908}
	EndGlobalSection
EndGlobal
